
Microsoft Visual Studio Solution File, Format Version 12.00
# Visual Studio Version 16
VisualStudioVersion = 16.0.30717.126
MinimumVisualStudioVersion = 10.0.40219.1
Project("{FAE04EC0-301F-11D3-BF4B-00C04F79EFBC}") = "bookstore", "bookstore\bookstore.csproj", "{3E925DC7-FB10-4FF6-B502-E74A549D1974}"
EndProject
Global
	GlobalSection(SolutionConfigurationPlatforms) = preSolution
		Debug|Any CPU = Debug|Any CPU
		Release|Any CPU = Release|Any CPU
	EndGlobalSection
	GlobalSection(ProjectConfigurationPlatforms) = postSolution
		{3E925DC7-FB10-4FF6-B502-E74A549D1974}.Debug|Any CPU.ActiveCfg = Debug|Any CPU
		{3E925DC7-FB10-4FF6-B502-E74A549D1974}.Debug|Any CPU.Build.0 = Debug|Any CPU
		{3E925DC7-FB10-4FF6-B502-E74A549D1974}.Release|Any CPU.ActiveCfg = Release|Any CPU
		{3E925DC7-FB10-4FF6-B502-E74A549D1974}.Release|Any CPU.Build.0 = Release|Any CPU
	EndGlobalSection
	GlobalSection(SolutionProperties) = preSolution
		HideSolutionNode = FALSE
	EndGlobalSection
	GlobalSection(ExtensibilityGlobals) = postSolution
		SolutionGuid = {9AE1F67B-3775-44D2-A7AE-DCA5752D94B7}
	EndGlobalSection
EndGlobal
